
Microsoft Visual Studio Solution File, Format Version 12.00
# Visual Studio Version 17
VisualStudioVersion = 17.0.31612.314
MinimumVisualStudioVersion = 10.0.40219.1
Project("{9A19103F-16F7-4668-BE54-9A1E7A4F7556}") = "QuestTests", "QuestTests\QuestTests.csproj", "{90C95803-4FEA-44BC-AF97-424E5FF3658B}"
EndProject
Project("{9A19103F-16F7-4668-BE54-9A1E7A4F7556}") = "RunescapeQuests2022", "RunescapeQuests2022\RunescapeQuests2022.csproj", "{095015D2-1E28-4843-8E60-26610F4B8D32}"
EndProject
Project("{9A19103F-16F7-4668-BE54-9A1E7A4F7556}") = "RunescapeQuestsBackend", "RunescapeQuestBackend\RunescapeQuestsBackend.csproj", "{1231DC1C-4101-443D-BBC1-F6338A1D0780}"
EndProject
Global
	GlobalSection(SolutionConfigurationPlatforms) = preSolution
		Debug|Any CPU = Debug|Any CPU
		Debug|ARM = Debug|ARM
		Debug|ARM64 = Debug|ARM64
		Debug|x64 = Debug|x64
		Debug|x86 = Debug|x86
		Release|Any CPU = Release|Any CPU
		Release|ARM = Release|ARM
		Release|ARM64 = Release|ARM64
		Release|x64 = Release|x64
		Release|x86 = Release|x86
	EndGlobalSection
	GlobalSection(ProjectConfigurationPlatforms) = postSolution
		{90C95803-4FEA-44BC-AF97-424E5FF3658B}.Debug|Any CPU.ActiveCfg = Debug|Any CPU
		{90C95803-4FEA-44BC-AF97-424E5FF3658B}.Debug|Any CPU.Build.0 = Debug|Any CPU
		{90C95803-4FEA-44BC-AF97-424E5FF3658B}.Debug|ARM.ActiveCfg = Debug|Any CPU
		{90C95803-4FEA-44BC-AF97-424E5FF3658B}.Debug|ARM.Build.0 = Debug|Any CPU
		{90C95803-4FEA-44BC-AF97-424E5FF3658B}.Debug|ARM64.ActiveCfg = Debug|Any CPU
		{90C95803-4FEA-44BC-AF97-424E5FF3658B}.Debug|ARM64.Build.0 = Debug|Any CPU
		{90C95803-4FEA-44BC-AF97-424E5FF3658B}.Debug|x64.ActiveCfg = Debug|Any CPU
		{90C95803-4FEA-44BC-AF97-424E5FF3658B}.Debug|x64.Build.0 = Debug|Any CPU
		{90C95803-4FEA-44BC-AF97-424E5FF3658B}.Debug|x86.ActiveCfg = Debug|Any CPU
		{90C95803-4FEA-44BC-AF97-424E5FF3658B}.Debug|x86.Build.0 = Debug|Any CPU
		{90C95803-4FEA-44BC-AF97-424E5FF3658B}.Release|Any CPU.ActiveCfg = Release|Any CPU
		{90C95803-4FEA-44BC-AF97-424E5FF3658B}.Release|Any CPU.Build.0 = Release|Any CPU
		{90C95803-4FEA-44BC-AF97-424E5FF3658B}.Release|ARM.ActiveCfg = Release|Any CPU
		{90C95803-4FEA-44BC-AF97-424E5FF3658B}.Release|ARM.Build.0 = Release|Any CPU
		{90C95803-4FEA-44BC-AF97-424E5FF3658B}.Release|ARM64.ActiveCfg = Release|Any CPU
		{90C95803-4FEA-44BC-AF97-424E5FF3658B}.Release|ARM64.Build.0 = Release|Any CPU
		{90C95803-4FEA-44BC-AF97-424E5FF3658B}.Release|x64.ActiveCfg = Release|Any CPU
		{90C95803-4FEA-44BC-AF97-424E5FF3658B}.Release|x64.Build.0 = Release|Any CPU
		{90C95803-4FEA-44BC-AF97-424E5FF3658B}.Release|x86.ActiveCfg = Release|Any CPU
		{90C95803-4FEA-44BC-AF97-424E5FF3658B}.Release|x86.Build.0 = Release|Any CPU
		{095015D2-1E28-4843-8E60-26610F4B8D32}.Debug|Any CPU.ActiveCfg = Debug|Any CPU
		{095015D2-1E28-4843-8E60-26610F4B8D32}.Debug|Any CPU.Build.0 = Debug|Any CPU
		{095015D2-1E28-4843-8E60-26610F4B8D32}.Debug|ARM.ActiveCfg = Debug|Any CPU
		{095015D2-1E28-4843-8E60-26610F4B8D32}.Debug|ARM.Build.0 = Debug|Any CPU
		{095015D2-1E28-4843-8E60-26610F4B8D32}.Debug|ARM64.ActiveCfg = Debug|Any CPU
		{095015D2-1E28-4843-8E60-26610F4B8D32}.Debug|ARM64.Build.0 = Debug|Any CPU
		{095015D2-1E28-4843-8E60-26610F4B8D32}.Debug|x64.ActiveCfg = Debug|x64
		{095015D2-1E28-4843-8E60-26610F4B8D32}.Debug|x64.Build.0 = Debug|x64
		{095015D2-1E28-4843-8E60-26610F4B8D32}.Debug|x86.ActiveCfg = Debug|Any CPU
		{095015D2-1E28-4843-8E60-26610F4B8D32}.Debug|x86.Build.0 = Debug|Any CPU
		{095015D2-1E28-4843-8E60-26610F4B8D32}.Release|Any CPU.ActiveCfg = Release|Any CPU
		{095015D2-1E28-4843-8E60-26610F4B8D32}.Release|Any CPU.Build.0 = Release|Any CPU
		{095015D2-1E28-4843-8E60-26610F4B8D32}.Release|ARM.ActiveCfg = Release|Any CPU
		{095015D2-1E28-4843-8E60-26610F4B8D32}.Release|ARM.Build.0 = Release|Any CPU
		{095015D2-1E28-4843-8E60-26610F4B8D32}.Release|ARM64.ActiveCfg = Release|Any CPU
		{095015D2-1E28-4843-8E60-26610F4B8D32}.Release|ARM64.Build.0 = Release|Any CPU
		{095015D2-1E28-4843-8E60-26610F4B8D32}.Release|x64.ActiveCfg = Release|x64
		{095015D2-1E28-4843-8E60-26610F4B8D32}.Release|x64.Build.0 = Release|x64
		{095015D2-1E28-4843-8E60-26610F4B8D32}.Release|x86.ActiveCfg = Release|Any CPU
		{095015D2-1E28-4843-8E60-26610F4B8D32}.Release|x86.Build.0 = Release|Any CPU
		{1231DC1C-4101-443D-BBC1-F6338A1D0780}.Debug|Any CPU.ActiveCfg = Debug|Any CPU
		{1231DC1C-4101-443D-BBC1-F6338A1D0780}.Debug|Any CPU.Build.0 = Debug|Any CPU
		{1231DC1C-4101-443D-BBC1-F6338A1D0780}.Debug|ARM.ActiveCfg = Debug|Any CPU
		{1231DC1C-4101-443D-BBC1-F6338A1D0780}.Debug|ARM.Build.0 = Debug|Any CPU
		{1231DC1C-4101-443D-BBC1-F6338A1D0780}.Debug|ARM64.ActiveCfg = Debug|Any CPU
		{1231DC1C-4101-443D-BBC1-F6338A1D0780}.Debug|ARM64.Build.0 = Debug|Any CPU
		{1231DC1C-4101-443D-BBC1-F6338A1D0780}.Debug|x64.ActiveCfg = Debug|Any CPU
		{1231DC1C-4101-443D-BBC1-F6338A1D0780}.Debug|x64.Build.0 = Debug|Any CPU
		{1231DC1C-4101-443D-BBC1-F6338A1D0780}.Debug|x86.ActiveCfg = Debug|Any CPU
		{1231DC1C-4101-443D-BBC1-F6338A1D0780}.Debug|x86.Build.0 = Debug|Any CPU
		{1231DC1C-4101-443D-BBC1-F6338A1D0780}.Release|Any CPU.ActiveCfg = Release|Any CPU
		{1231DC1C-4101-443D-BBC1-F6338A1D0780}.Release|Any CPU.Build.0 = Release|Any CPU
		{1231DC1C-4101-443D-BBC1-F6338A1D0780}.Release|ARM.ActiveCfg = Release|Any CPU
		{1231DC1C-4101-443D-BBC1-F6338A1D0780}.Release|ARM.Build.0 = Release|Any CPU
		{1231DC1C-4101-443D-BBC1-F6338A1D0780}.Release|ARM64.ActiveCfg = Release|Any CPU
		{1231DC1C-4101-443D-BBC1-F6338A1D0780}.Release|ARM64.Build.0 = Release|Any CPU
		{1231DC1C-4101-443D-BBC1-F6338A1D0780}.Release|x64.ActiveCfg = Release|Any CPU
		{1231DC1C-4101-443D-BBC1-F6338A1D0780}.Release|x64.Build.0 = Release|Any CPU
		{1231DC1C-4101-443D-BBC1-F6338A1D0780}.Release|x86.ActiveCfg = Release|Any CPU
		{1231DC1C-4101-443D-BBC1-F6338A1D0780}.Release|x86.Build.0 = Release|Any CPU
	EndGlobalSection
	GlobalSection(SolutionProperties) = preSolution
		HideSolutionNode = FALSE
	EndGlobalSection
	GlobalSection(ExtensibilityGlobals) = postSolution
		SolutionGuid = {CFC74223-E435-4B64-81B2-8842D86653E1}
	EndGlobalSection
EndGlobal
